schema: '2.0'
stages:
  data_ingestion:
    cmd: python src/AlzheimerDiseaseClassification/pipeline/stage_01_data_ingestion.py
    deps:
    - path: config/config.yaml
      hash: md5
      md5: 4b572d8f0e13654711c92786f002cebb
      size: 582
    - path: src/AlzheimerDiseaseClassification/pipeline/stage_01_data_ingestion.py
      hash: md5
      md5: 8962bdadccff52b8d72ec8760a5edd98
      size: 959
    outs:
    - path: artifacts/data_ingestion/Alzheimer_s Dataset
      hash: md5
      md5: 3bae97e879cc6bf8502947505a834816.dir
      size: 33781195
      nfiles: 6219
  prepare_base_model:
    cmd: python src/AlzheimerDiseaseClassification/pipeline/stage_02_prepare_base_model.py
    deps:
    - path: config/config.yaml
      hash: md5
      md5: 4b572d8f0e13654711c92786f002cebb
      size: 582
    - path: src/AlzheimerDiseaseClassification/pipeline/stage_02_prepare_base_model.py
      hash: md5
      md5: d619172525ec6b25470ca3f717d1025e
      size: 993
    params:
      params.yaml:
        CLASSES: 2
        IMAGE_SIZE:
        - 224
        - 224
        - 3
        INCLUDE_TOP: false
        LEARNING_RATE: 0.009
        WEIGHTS: imagenet
    outs:
    - path: artifacts/prepare_base_model
      hash: md5
      md5: b4783876d4592076055b8a5ed9ce1321.dir
      size: 118059248
      nfiles: 2
  training:
    cmd: python src/AlzheimerDiseaseClassification/pipeline/stage_03_model_training.py
    deps:
    - path: artifacts/data_ingestion/Alzheimer_s Dataset
      hash: md5
      md5: 3bae97e879cc6bf8502947505a834816.dir
      size: 33781195
      nfiles: 6219
    - path: artifacts/prepare_base_model
      hash: md5
      md5: b4783876d4592076055b8a5ed9ce1321.dir
      size: 118059248
      nfiles: 2
    - path: config/config.yaml
      hash: md5
      md5: 4b572d8f0e13654711c92786f002cebb
      size: 582
    - path: src/AlzheimerDiseaseClassification/pipeline/stage_03_model_training.py
      hash: md5
      md5: e612b21a5fce9c2437834d91f66b08fb
      size: 958
    params:
      params.yaml:
        AUGMENTATION: true
        BATCH_SIZE: 1
        EPOCHS: 15
        IMAGE_SIZE:
        - 224
        - 224
        - 3
    outs:
    - path: artifacts/training/model.h5
      hash: md5
      md5: 2c4a5c0751e2e07f087af16c2e345a39
      size: 59340720
  evaluation:
    cmd: python src/AlzheimerDiseaseClassification/pipeline/stage_04_model_evaluation.py
    deps:
    - path: artifacts/data_ingestion/Alzheimer_s Dataset
      hash: md5
      md5: 3bae97e879cc6bf8502947505a834816.dir
      size: 33781195
      nfiles: 6219
    - path: artifacts/training/model.h5
      hash: md5
      md5: 2c4a5c0751e2e07f087af16c2e345a39
      size: 59340720
    - path: config/config.yaml
      hash: md5
      md5: 4b572d8f0e13654711c92786f002cebb
      size: 582
    - path: src/AlzheimerDiseaseClassification/pipeline/stage_04_model_evaluation.py
      hash: md5
      md5: 9cdfba37dbb79ea408bac2547d59d904
      size: 991
    params:
      params.yaml:
        BATCH_SIZE: 1
        IMAGE_SIZE:
        - 224
        - 224
        - 3
    outs:
    - path: scores.json
      hash: md5
      md5: f3b1f0097a03df641c44d0d54dbcd60a
      size: 73
